
Microsoft Visual Studio Solution File, Format Version 12.00
# Visual Studio Version 17
VisualStudioVersion = 17.3.32922.545
MinimumVisualStudioVersion = 10.0.40219.1
Project("{FAE04EC0-301F-11D3-BF4B-00C04F79EFBC}") = "DZCH10", "DZCH10.csproj", "{58FD740C-2AF7-4668-B992-0EE284F5DB25}"
EndProject
Global
	GlobalSection(SolutionConfigurationPlatforms) = preSolution
		Debug|Any CPU = Debug|Any CPU
		Release|Any CPU = Release|Any CPU
	EndGlobalSection
	GlobalSection(ProjectConfigurationPlatforms) = postSolution
		{58FD740C-2AF7-4668-B992-0EE284F5DB25}.Debug|Any CPU.ActiveCfg = Debug|Any CPU
		{58FD740C-2AF7-4668-B992-0EE284F5DB25}.Debug|Any CPU.Build.0 = Debug|Any CPU
		{58FD740C-2AF7-4668-B992-0EE284F5DB25}.Release|Any CPU.ActiveCfg = Release|Any CPU
		{58FD740C-2AF7-4668-B992-0EE284F5DB25}.Release|Any CPU.Build.0 = Release|Any CPU
	EndGlobalSection
	GlobalSection(SolutionProperties) = preSolution
		HideSolutionNode = FALSE
	EndGlobalSection
	GlobalSection(ExtensibilityGlobals) = postSolution
		SolutionGuid = {2E42E1FB-27FC-41F4-AA50-6DC6C93186C5}
	EndGlobalSection
EndGlobal
